
Microsoft Visual Studio Solution File, Format Version 12.00
# Visual Studio Version 17
VisualStudioVersion = 17.5.33516.290
MinimumVisualStudioVersion = 10.0.40219.1
Project("{9A19103F-16F7-4668-BE54-9A1E7A4F7556}") = "01.DefineAClassPerson", "01.DefineAClassPerson\01.DefineAClassPerson.csproj", "{3A9F11EC-C394-438F-A55B-7AF82838719F}"
EndProject
Project("{9A19103F-16F7-4668-BE54-9A1E7A4F7556}") = "02.CreatingConstructors", "02.CreatingConstructors\02.CreatingConstructors.csproj", "{B3A08826-C28D-4E7B-A068-58B9B34AE4DE}"
EndProject
Project("{9A19103F-16F7-4668-BE54-9A1E7A4F7556}") = "03.OldestFamilyMember", "03.OldestFamilyMember\03.OldestFamilyMember.csproj", "{8F463407-077D-4040-B1B0-390CF4FCB261}"
EndProject
Project("{9A19103F-16F7-4668-BE54-9A1E7A4F7556}") = "04.OpinionPoll", "04.OpinionPoll\04.OpinionPoll.csproj", "{8FD70B0C-FE50-44DE-8EB5-1573BD9D6507}"
EndProject
Project("{9A19103F-16F7-4668-BE54-9A1E7A4F7556}") = "06.SpeedRacing", "06.SpeedRacing\06.SpeedRacing.csproj", "{C8131DF5-E20A-47FD-856D-914186D803AC}"
EndProject
Project("{FAE04EC0-301F-11D3-BF4B-00C04F79EFBC}") = "07.RawData", "07.RawData\07.RawData.csproj", "{9F67E619-6FB9-42E0-8A8A-B36F8E0DE8EA}"
EndProject
Project("{FAE04EC0-301F-11D3-BF4B-00C04F79EFBC}") = "08.CarSalesman", "08.CarSalesman\08.CarSalesman.csproj", "{0B64969C-8510-4381-BD98-6B0A3798E72A}"
EndProject
Global
	GlobalSection(SolutionConfigurationPlatforms) = preSolution
		Debug|Any CPU = Debug|Any CPU
		Release|Any CPU = Release|Any CPU
	EndGlobalSection
	GlobalSection(ProjectConfigurationPlatforms) = postSolution
		{3A9F11EC-C394-438F-A55B-7AF82838719F}.Debug|Any CPU.ActiveCfg = Debug|Any CPU
		{3A9F11EC-C394-438F-A55B-7AF82838719F}.Debug|Any CPU.Build.0 = Debug|Any CPU
		{3A9F11EC-C394-438F-A55B-7AF82838719F}.Release|Any CPU.ActiveCfg = Release|Any CPU
		{3A9F11EC-C394-438F-A55B-7AF82838719F}.Release|Any CPU.Build.0 = Release|Any CPU
		{B3A08826-C28D-4E7B-A068-58B9B34AE4DE}.Debug|Any CPU.ActiveCfg = Debug|Any CPU
		{B3A08826-C28D-4E7B-A068-58B9B34AE4DE}.Debug|Any CPU.Build.0 = Debug|Any CPU
		{B3A08826-C28D-4E7B-A068-58B9B34AE4DE}.Release|Any CPU.ActiveCfg = Release|Any CPU
		{B3A08826-C28D-4E7B-A068-58B9B34AE4DE}.Release|Any CPU.Build.0 = Release|Any CPU
		{8F463407-077D-4040-B1B0-390CF4FCB261}.Debug|Any CPU.ActiveCfg = Debug|Any CPU
		{8F463407-077D-4040-B1B0-390CF4FCB261}.Debug|Any CPU.Build.0 = Debug|Any CPU
		{8F463407-077D-4040-B1B0-390CF4FCB261}.Release|Any CPU.ActiveCfg = Release|Any CPU
		{8F463407-077D-4040-B1B0-390CF4FCB261}.Release|Any CPU.Build.0 = Release|Any CPU
		{8FD70B0C-FE50-44DE-8EB5-1573BD9D6507}.Debug|Any CPU.ActiveCfg = Debug|Any CPU
		{8FD70B0C-FE50-44DE-8EB5-1573BD9D6507}.Debug|Any CPU.Build.0 = Debug|Any CPU
		{8FD70B0C-FE50-44DE-8EB5-1573BD9D6507}.Release|Any CPU.ActiveCfg = Release|Any CPU
		{8FD70B0C-FE50-44DE-8EB5-1573BD9D6507}.Release|Any CPU.Build.0 = Release|Any CPU
		{C8131DF5-E20A-47FD-856D-914186D803AC}.Debug|Any CPU.ActiveCfg = Debug|Any CPU
		{C8131DF5-E20A-47FD-856D-914186D803AC}.Debug|Any CPU.Build.0 = Debug|Any CPU
		{C8131DF5-E20A-47FD-856D-914186D803AC}.Release|Any CPU.ActiveCfg = Release|Any CPU
		{C8131DF5-E20A-47FD-856D-914186D803AC}.Release|Any CPU.Build.0 = Release|Any CPU
		{9F67E619-6FB9-42E0-8A8A-B36F8E0DE8EA}.Debug|Any CPU.ActiveCfg = Debug|Any CPU
		{9F67E619-6FB9-42E0-8A8A-B36F8E0DE8EA}.Debug|Any CPU.Build.0 = Debug|Any CPU
		{9F67E619-6FB9-42E0-8A8A-B36F8E0DE8EA}.Release|Any CPU.ActiveCfg = Release|Any CPU
		{9F67E619-6FB9-42E0-8A8A-B36F8E0DE8EA}.Release|Any CPU.Build.0 = Release|Any CPU
		{0B64969C-8510-4381-BD98-6B0A3798E72A}.Debug|Any CPU.ActiveCfg = Debug|Any CPU
		{0B64969C-8510-4381-BD98-6B0A3798E72A}.Debug|Any CPU.Build.0 = Debug|Any CPU
		{0B64969C-8510-4381-BD98-6B0A3798E72A}.Release|Any CPU.ActiveCfg = Release|Any CPU
		{0B64969C-8510-4381-BD98-6B0A3798E72A}.Release|Any CPU.Build.0 = Release|Any CPU
	EndGlobalSection
	GlobalSection(SolutionProperties) = preSolution
		HideSolutionNode = FALSE
	EndGlobalSection
	GlobalSection(ExtensibilityGlobals) = postSolution
		SolutionGuid = {1C97F7AB-479E-4DC6-99D2-23E5B4D34A0D}
	EndGlobalSection
EndGlobal
