
Microsoft Visual Studio Solution File, Format Version 12.00
# Visual Studio Version 17
VisualStudioVersion = 17.5.33516.290
MinimumVisualStudioVersion = 10.0.40219.1
Project("{9A19103F-16F7-4668-BE54-9A1E7A4F7556}") = "02.CarExtension", "02.CarExtension\02.CarExtension.csproj", "{CE4C51EA-6DC0-463E-BC0A-6BFE6E01E1D2}"
EndProject
Project("{9A19103F-16F7-4668-BE54-9A1E7A4F7556}") = "01.Car", "01.Car\01.Car.csproj", "{BCC6CD01-B5FE-467A-8DE1-5DE4674884EE}"
EndProject
Project("{9A19103F-16F7-4668-BE54-9A1E7A4F7556}") = "03.CarConstructors", "03.CarConstructors\03.CarConstructors.csproj", "{374CDB35-7DCD-433A-8A15-F9F3B51004AF}"
EndProject
Project("{FAE04EC0-301F-11D3-BF4B-00C04F79EFBC}") = "04.CarEngineAndTires", "04.CarEngineAndTires\04.CarEngineAndTires.csproj", "{7CBEA881-22E4-4002-8424-460F44CE7410}"
EndProject
Project("{FAE04EC0-301F-11D3-BF4B-00C04F79EFBC}") = "05.SpecialCars", "05.SpecialCars\05.SpecialCars.csproj", "{99BDC31B-4045-403C-A2FD-9BED9DEBBA9F}"
EndProject
Global
	GlobalSection(SolutionConfigurationPlatforms) = preSolution
		Debug|Any CPU = Debug|Any CPU
		Release|Any CPU = Release|Any CPU
	EndGlobalSection
	GlobalSection(ProjectConfigurationPlatforms) = postSolution
		{CE4C51EA-6DC0-463E-BC0A-6BFE6E01E1D2}.Debug|Any CPU.ActiveCfg = Debug|Any CPU
		{CE4C51EA-6DC0-463E-BC0A-6BFE6E01E1D2}.Debug|Any CPU.Build.0 = Debug|Any CPU
		{CE4C51EA-6DC0-463E-BC0A-6BFE6E01E1D2}.Release|Any CPU.ActiveCfg = Release|Any CPU
		{CE4C51EA-6DC0-463E-BC0A-6BFE6E01E1D2}.Release|Any CPU.Build.0 = Release|Any CPU
		{BCC6CD01-B5FE-467A-8DE1-5DE4674884EE}.Debug|Any CPU.ActiveCfg = Debug|Any CPU
		{BCC6CD01-B5FE-467A-8DE1-5DE4674884EE}.Debug|Any CPU.Build.0 = Debug|Any CPU
		{BCC6CD01-B5FE-467A-8DE1-5DE4674884EE}.Release|Any CPU.ActiveCfg = Release|Any CPU
		{BCC6CD01-B5FE-467A-8DE1-5DE4674884EE}.Release|Any CPU.Build.0 = Release|Any CPU
		{374CDB35-7DCD-433A-8A15-F9F3B51004AF}.Debug|Any CPU.ActiveCfg = Debug|Any CPU
		{374CDB35-7DCD-433A-8A15-F9F3B51004AF}.Debug|Any CPU.Build.0 = Debug|Any CPU
		{374CDB35-7DCD-433A-8A15-F9F3B51004AF}.Release|Any CPU.ActiveCfg = Release|Any CPU
		{374CDB35-7DCD-433A-8A15-F9F3B51004AF}.Release|Any CPU.Build.0 = Release|Any CPU
		{7CBEA881-22E4-4002-8424-460F44CE7410}.Debug|Any CPU.ActiveCfg = Debug|Any CPU
		{7CBEA881-22E4-4002-8424-460F44CE7410}.Debug|Any CPU.Build.0 = Debug|Any CPU
		{7CBEA881-22E4-4002-8424-460F44CE7410}.Release|Any CPU.ActiveCfg = Release|Any CPU
		{7CBEA881-22E4-4002-8424-460F44CE7410}.Release|Any CPU.Build.0 = Release|Any CPU
		{99BDC31B-4045-403C-A2FD-9BED9DEBBA9F}.Debug|Any CPU.ActiveCfg = Debug|Any CPU
		{99BDC31B-4045-403C-A2FD-9BED9DEBBA9F}.Debug|Any CPU.Build.0 = Debug|Any CPU
		{99BDC31B-4045-403C-A2FD-9BED9DEBBA9F}.Release|Any CPU.ActiveCfg = Release|Any CPU
		{99BDC31B-4045-403C-A2FD-9BED9DEBBA9F}.Release|Any CPU.Build.0 = Release|Any CPU
	EndGlobalSection
	GlobalSection(SolutionProperties) = preSolution
		HideSolutionNode = FALSE
	EndGlobalSection
	GlobalSection(ExtensibilityGlobals) = postSolution
		SolutionGuid = {BDF8B05A-9F98-4712-884C-DBD0D5E538A8}
	EndGlobalSection
EndGlobal
