
Microsoft Visual Studio Solution File, Format Version 12.00
# Visual Studio Version 17
VisualStudioVersion = 17.5.33516.290
MinimumVisualStudioVersion = 10.0.40219.1
Project("{9A19103F-16F7-4668-BE54-9A1E7A4F7556}") = "01.ActionPrint", "01.ActionPrint\01.ActionPrint.csproj", "{09757764-1704-4B39-A870-EDEF22AC63DF}"
EndProject
Project("{9A19103F-16F7-4668-BE54-9A1E7A4F7556}") = "02.KnightsOfHonor", "02.KnightsOfHonor\02.KnightsOfHonor.csproj", "{0365EDEA-BFA5-4456-BB30-73A29BAFF070}"
EndProject
Project("{9A19103F-16F7-4668-BE54-9A1E7A4F7556}") = "03.CustomMinFunction", "03.CustomMinFunction\03.CustomMinFunction.csproj", "{43F3C9FF-56B3-4421-8DDD-941FE70199BE}"
EndProject
Project("{9A19103F-16F7-4668-BE54-9A1E7A4F7556}") = "04.FindEvensOrOdds", "04.FindEvensOrOdds\04.FindEvensOrOdds.csproj", "{7F92BBB1-3437-40D8-A493-6659CCC478F0}"
EndProject
Project("{9A19103F-16F7-4668-BE54-9A1E7A4F7556}") = "05.AppliedArithmetics", "05.AppliedArithmetics\05.AppliedArithmetics.csproj", "{6E37D387-8AC8-4F0F-83FA-027FBB27A1C9}"
EndProject
Project("{9A19103F-16F7-4668-BE54-9A1E7A4F7556}") = "06.ReverseAndExclude", "06.ReverseAndExclude\06.ReverseAndExclude.csproj", "{FD99F3DC-33C2-417C-9E3B-2A54F7E94508}"
EndProject
Project("{9A19103F-16F7-4668-BE54-9A1E7A4F7556}") = "07.PredicateForNames", "07.PredicateForNames\07.PredicateForNames.csproj", "{DC6FAF19-BACA-43B6-A97A-4237DD0307A9}"
EndProject
Project("{9A19103F-16F7-4668-BE54-9A1E7A4F7556}") = "08.ListOfPredicates", "08.ListOfPredicates\08.ListOfPredicates.csproj", "{96D4BAD5-A562-4CB4-A245-DE073818B2E2}"
EndProject
Project("{9A19103F-16F7-4668-BE54-9A1E7A4F7556}") = "09.PredicateParty", "09.PredicateParty\09.PredicateParty.csproj", "{2C8D5ACA-7814-4DF2-95AE-A3B78049CBCA}"
EndProject
Project("{FAE04EC0-301F-11D3-BF4B-00C04F79EFBC}") = "10.PartyReservationFilter", "10.PartyReservationFilter\10.PartyReservationFilter.csproj", "{7E53B4D1-D858-4FDD-A728-91984311AC5E}"
EndProject
Project("{FAE04EC0-301F-11D3-BF4B-00C04F79EFBC}") = "11.TriFunction", "11.TriFunction\11.TriFunction.csproj", "{A4C2764B-6253-48E2-93C3-21C2DB62FD1A}"
EndProject
Global
	GlobalSection(SolutionConfigurationPlatforms) = preSolution
		Debug|Any CPU = Debug|Any CPU
		Release|Any CPU = Release|Any CPU
	EndGlobalSection
	GlobalSection(ProjectConfigurationPlatforms) = postSolution
		{09757764-1704-4B39-A870-EDEF22AC63DF}.Debug|Any CPU.ActiveCfg = Debug|Any CPU
		{09757764-1704-4B39-A870-EDEF22AC63DF}.Debug|Any CPU.Build.0 = Debug|Any CPU
		{09757764-1704-4B39-A870-EDEF22AC63DF}.Release|Any CPU.ActiveCfg = Release|Any CPU
		{09757764-1704-4B39-A870-EDEF22AC63DF}.Release|Any CPU.Build.0 = Release|Any CPU
		{0365EDEA-BFA5-4456-BB30-73A29BAFF070}.Debug|Any CPU.ActiveCfg = Debug|Any CPU
		{0365EDEA-BFA5-4456-BB30-73A29BAFF070}.Debug|Any CPU.Build.0 = Debug|Any CPU
		{0365EDEA-BFA5-4456-BB30-73A29BAFF070}.Release|Any CPU.ActiveCfg = Release|Any CPU
		{0365EDEA-BFA5-4456-BB30-73A29BAFF070}.Release|Any CPU.Build.0 = Release|Any CPU
		{43F3C9FF-56B3-4421-8DDD-941FE70199BE}.Debug|Any CPU.ActiveCfg = Debug|Any CPU
		{43F3C9FF-56B3-4421-8DDD-941FE70199BE}.Debug|Any CPU.Build.0 = Debug|Any CPU
		{43F3C9FF-56B3-4421-8DDD-941FE70199BE}.Release|Any CPU.ActiveCfg = Release|Any CPU
		{43F3C9FF-56B3-4421-8DDD-941FE70199BE}.Release|Any CPU.Build.0 = Release|Any CPU
		{7F92BBB1-3437-40D8-A493-6659CCC478F0}.Debug|Any CPU.ActiveCfg = Debug|Any CPU
		{7F92BBB1-3437-40D8-A493-6659CCC478F0}.Debug|Any CPU.Build.0 = Debug|Any CPU
		{7F92BBB1-3437-40D8-A493-6659CCC478F0}.Release|Any CPU.ActiveCfg = Release|Any CPU
		{7F92BBB1-3437-40D8-A493-6659CCC478F0}.Release|Any CPU.Build.0 = Release|Any CPU
		{6E37D387-8AC8-4F0F-83FA-027FBB27A1C9}.Debug|Any CPU.ActiveCfg = Debug|Any CPU
		{6E37D387-8AC8-4F0F-83FA-027FBB27A1C9}.Debug|Any CPU.Build.0 = Debug|Any CPU
		{6E37D387-8AC8-4F0F-83FA-027FBB27A1C9}.Release|Any CPU.ActiveCfg = Release|Any CPU
		{6E37D387-8AC8-4F0F-83FA-027FBB27A1C9}.Release|Any CPU.Build.0 = Release|Any CPU
		{FD99F3DC-33C2-417C-9E3B-2A54F7E94508}.Debug|Any CPU.ActiveCfg = Debug|Any CPU
		{FD99F3DC-33C2-417C-9E3B-2A54F7E94508}.Debug|Any CPU.Build.0 = Debug|Any CPU
		{FD99F3DC-33C2-417C-9E3B-2A54F7E94508}.Release|Any CPU.ActiveCfg = Release|Any CPU
		{FD99F3DC-33C2-417C-9E3B-2A54F7E94508}.Release|Any CPU.Build.0 = Release|Any CPU
		{DC6FAF19-BACA-43B6-A97A-4237DD0307A9}.Debug|Any CPU.ActiveCfg = Debug|Any CPU
		{DC6FAF19-BACA-43B6-A97A-4237DD0307A9}.Debug|Any CPU.Build.0 = Debug|Any CPU
		{DC6FAF19-BACA-43B6-A97A-4237DD0307A9}.Release|Any CPU.ActiveCfg = Release|Any CPU
		{DC6FAF19-BACA-43B6-A97A-4237DD0307A9}.Release|Any CPU.Build.0 = Release|Any CPU
		{96D4BAD5-A562-4CB4-A245-DE073818B2E2}.Debug|Any CPU.ActiveCfg = Debug|Any CPU
		{96D4BAD5-A562-4CB4-A245-DE073818B2E2}.Debug|Any CPU.Build.0 = Debug|Any CPU
		{96D4BAD5-A562-4CB4-A245-DE073818B2E2}.Release|Any CPU.ActiveCfg = Release|Any CPU
		{96D4BAD5-A562-4CB4-A245-DE073818B2E2}.Release|Any CPU.Build.0 = Release|Any CPU
		{2C8D5ACA-7814-4DF2-95AE-A3B78049CBCA}.Debug|Any CPU.ActiveCfg = Debug|Any CPU
		{2C8D5ACA-7814-4DF2-95AE-A3B78049CBCA}.Debug|Any CPU.Build.0 = Debug|Any CPU
		{2C8D5ACA-7814-4DF2-95AE-A3B78049CBCA}.Release|Any CPU.ActiveCfg = Release|Any CPU
		{2C8D5ACA-7814-4DF2-95AE-A3B78049CBCA}.Release|Any CPU.Build.0 = Release|Any CPU
		{7E53B4D1-D858-4FDD-A728-91984311AC5E}.Debug|Any CPU.ActiveCfg = Debug|Any CPU
		{7E53B4D1-D858-4FDD-A728-91984311AC5E}.Debug|Any CPU.Build.0 = Debug|Any CPU
		{7E53B4D1-D858-4FDD-A728-91984311AC5E}.Release|Any CPU.ActiveCfg = Release|Any CPU
		{7E53B4D1-D858-4FDD-A728-91984311AC5E}.Release|Any CPU.Build.0 = Release|Any CPU
		{A4C2764B-6253-48E2-93C3-21C2DB62FD1A}.Debug|Any CPU.ActiveCfg = Debug|Any CPU
		{A4C2764B-6253-48E2-93C3-21C2DB62FD1A}.Debug|Any CPU.Build.0 = Debug|Any CPU
		{A4C2764B-6253-48E2-93C3-21C2DB62FD1A}.Release|Any CPU.ActiveCfg = Release|Any CPU
		{A4C2764B-6253-48E2-93C3-21C2DB62FD1A}.Release|Any CPU.Build.0 = Release|Any CPU
	EndGlobalSection
	GlobalSection(SolutionProperties) = preSolution
		HideSolutionNode = FALSE
	EndGlobalSection
	GlobalSection(ExtensibilityGlobals) = postSolution
		SolutionGuid = {7145EE6E-8E01-4FB7-8BDE-606929999956}
	EndGlobalSection
EndGlobal
