
Microsoft Visual Studio Solution File, Format Version 12.00
# Visual Studio Version 17
VisualStudioVersion = 17.12.35506.116
MinimumVisualStudioVersion = 10.0.40219.1
Project("{FAE04EC0-301F-11D3-BF4B-00C04F79EFBC}") = "01_DataTypes", "01_DataTypes\01_DataTypes.csproj", "{C4F18882-68AF-40E1-A36B-94E7DE0BA61C}"
EndProject
Project("{FAE04EC0-301F-11D3-BF4B-00C04F79EFBC}") = "02_CenterPoint", "02_CenterPoint\02_CenterPoint.csproj", "{704DE05E-8AFA-4D04-A401-99DACCAFA590}"
EndProject
Project("{FAE04EC0-301F-11D3-BF4B-00C04F79EFBC}") = "03_LongerLine", "03_LongerLine\03_LongerLine.csproj", "{BEB81415-09A9-41A0-A0F7-4F603B94B217}"
EndProject
Project("{FAE04EC0-301F-11D3-BF4B-00C04F79EFBC}") = "04_TribonacciSequence", "04_TribonacciSequence\04_TribonacciSequence.csproj", "{B361D7DF-DA3E-4C16-A28B-B9C3193320F7}"
EndProject
Project("{FAE04EC0-301F-11D3-BF4B-00C04F79EFBC}") = "05_MultiplicationSign", "05_MultiplicationSign\05_MultiplicationSign.csproj", "{23769867-BD17-4B9E-BDE0-2F03F5267389}"
EndProject
Global
	GlobalSection(SolutionConfigurationPlatforms) = preSolution
		Debug|Any CPU = Debug|Any CPU
		Release|Any CPU = Release|Any CPU
	EndGlobalSection
	GlobalSection(ProjectConfigurationPlatforms) = postSolution
		{C4F18882-68AF-40E1-A36B-94E7DE0BA61C}.Debug|Any CPU.ActiveCfg = Debug|Any CPU
		{C4F18882-68AF-40E1-A36B-94E7DE0BA61C}.Debug|Any CPU.Build.0 = Debug|Any CPU
		{C4F18882-68AF-40E1-A36B-94E7DE0BA61C}.Release|Any CPU.ActiveCfg = Release|Any CPU
		{C4F18882-68AF-40E1-A36B-94E7DE0BA61C}.Release|Any CPU.Build.0 = Release|Any CPU
		{704DE05E-8AFA-4D04-A401-99DACCAFA590}.Debug|Any CPU.ActiveCfg = Debug|Any CPU
		{704DE05E-8AFA-4D04-A401-99DACCAFA590}.Debug|Any CPU.Build.0 = Debug|Any CPU
		{704DE05E-8AFA-4D04-A401-99DACCAFA590}.Release|Any CPU.ActiveCfg = Release|Any CPU
		{704DE05E-8AFA-4D04-A401-99DACCAFA590}.Release|Any CPU.Build.0 = Release|Any CPU
		{BEB81415-09A9-41A0-A0F7-4F603B94B217}.Debug|Any CPU.ActiveCfg = Debug|Any CPU
		{BEB81415-09A9-41A0-A0F7-4F603B94B217}.Debug|Any CPU.Build.0 = Debug|Any CPU
		{BEB81415-09A9-41A0-A0F7-4F603B94B217}.Release|Any CPU.ActiveCfg = Release|Any CPU
		{BEB81415-09A9-41A0-A0F7-4F603B94B217}.Release|Any CPU.Build.0 = Release|Any CPU
		{B361D7DF-DA3E-4C16-A28B-B9C3193320F7}.Debug|Any CPU.ActiveCfg = Debug|Any CPU
		{B361D7DF-DA3E-4C16-A28B-B9C3193320F7}.Debug|Any CPU.Build.0 = Debug|Any CPU
		{B361D7DF-DA3E-4C16-A28B-B9C3193320F7}.Release|Any CPU.ActiveCfg = Release|Any CPU
		{B361D7DF-DA3E-4C16-A28B-B9C3193320F7}.Release|Any CPU.Build.0 = Release|Any CPU
		{23769867-BD17-4B9E-BDE0-2F03F5267389}.Debug|Any CPU.ActiveCfg = Debug|Any CPU
		{23769867-BD17-4B9E-BDE0-2F03F5267389}.Debug|Any CPU.Build.0 = Debug|Any CPU
		{23769867-BD17-4B9E-BDE0-2F03F5267389}.Release|Any CPU.ActiveCfg = Release|Any CPU
		{23769867-BD17-4B9E-BDE0-2F03F5267389}.Release|Any CPU.Build.0 = Release|Any CPU
	EndGlobalSection
	GlobalSection(SolutionProperties) = preSolution
		HideSolutionNode = FALSE
	EndGlobalSection
EndGlobal
