
Microsoft Visual Studio Solution File, Format Version 12.00
# Visual Studio Version 17
VisualStudioVersion = 17.5.33516.290
MinimumVisualStudioVersion = 10.0.40219.1
Project("{FAE04EC0-301F-11D3-BF4B-00C04F79EFBC}") = "01.EvenLines", "01.EvenLines\01.EvenLines.csproj", "{970DEC05-626E-4219-8D04-F0C5DA25DB7F}"
EndProject
Project("{FAE04EC0-301F-11D3-BF4B-00C04F79EFBC}") = "02.LineNumbers", "02.LineNumbers\02.LineNumbers.csproj", "{6216E7E2-E502-44CF-B5D1-982F6F821EA0}"
EndProject
Project("{FAE04EC0-301F-11D3-BF4B-00C04F79EFBC}") = "03.CopyBinaryFile", "03.CopyBinaryFile\03.CopyBinaryFile.csproj", "{17D77B83-DE0E-4386-ABE3-181C0F60B032}"
EndProject
Project("{FAE04EC0-301F-11D3-BF4B-00C04F79EFBC}") = "04.DirectoryTraversal", "04.DirectoryTraversal\04.DirectoryTraversal.csproj", "{C5D2E9D6-A223-47D5-90B6-84B1FF90F8DB}"
EndProject
Project("{FAE04EC0-301F-11D3-BF4B-00C04F79EFBC}") = "05.CopyDirectory", "05.CopyDirectory\05.CopyDirectory.csproj", "{A73FAA56-A71E-40B5-BCE8-78AEFE4F69F2}"
EndProject
Project("{FAE04EC0-301F-11D3-BF4B-00C04F79EFBC}") = "06.ZipAndExtract", "06.ZipAndExtract\06.ZipAndExtract.csproj", "{B0B579A1-15C7-4876-9EF5-51529AC4AD13}"
EndProject
Global
	GlobalSection(SolutionConfigurationPlatforms) = preSolution
		Debug|Any CPU = Debug|Any CPU
		Release|Any CPU = Release|Any CPU
	EndGlobalSection
	GlobalSection(ProjectConfigurationPlatforms) = postSolution
		{970DEC05-626E-4219-8D04-F0C5DA25DB7F}.Debug|Any CPU.ActiveCfg = Debug|Any CPU
		{970DEC05-626E-4219-8D04-F0C5DA25DB7F}.Debug|Any CPU.Build.0 = Debug|Any CPU
		{970DEC05-626E-4219-8D04-F0C5DA25DB7F}.Release|Any CPU.ActiveCfg = Release|Any CPU
		{970DEC05-626E-4219-8D04-F0C5DA25DB7F}.Release|Any CPU.Build.0 = Release|Any CPU
		{6216E7E2-E502-44CF-B5D1-982F6F821EA0}.Debug|Any CPU.ActiveCfg = Debug|Any CPU
		{6216E7E2-E502-44CF-B5D1-982F6F821EA0}.Debug|Any CPU.Build.0 = Debug|Any CPU
		{6216E7E2-E502-44CF-B5D1-982F6F821EA0}.Release|Any CPU.ActiveCfg = Release|Any CPU
		{6216E7E2-E502-44CF-B5D1-982F6F821EA0}.Release|Any CPU.Build.0 = Release|Any CPU
		{17D77B83-DE0E-4386-ABE3-181C0F60B032}.Debug|Any CPU.ActiveCfg = Debug|Any CPU
		{17D77B83-DE0E-4386-ABE3-181C0F60B032}.Debug|Any CPU.Build.0 = Debug|Any CPU
		{17D77B83-DE0E-4386-ABE3-181C0F60B032}.Release|Any CPU.ActiveCfg = Release|Any CPU
		{17D77B83-DE0E-4386-ABE3-181C0F60B032}.Release|Any CPU.Build.0 = Release|Any CPU
		{C5D2E9D6-A223-47D5-90B6-84B1FF90F8DB}.Debug|Any CPU.ActiveCfg = Debug|Any CPU
		{C5D2E9D6-A223-47D5-90B6-84B1FF90F8DB}.Debug|Any CPU.Build.0 = Debug|Any CPU
		{C5D2E9D6-A223-47D5-90B6-84B1FF90F8DB}.Release|Any CPU.ActiveCfg = Release|Any CPU
		{C5D2E9D6-A223-47D5-90B6-84B1FF90F8DB}.Release|Any CPU.Build.0 = Release|Any CPU
		{A73FAA56-A71E-40B5-BCE8-78AEFE4F69F2}.Debug|Any CPU.ActiveCfg = Debug|Any CPU
		{A73FAA56-A71E-40B5-BCE8-78AEFE4F69F2}.Debug|Any CPU.Build.0 = Debug|Any CPU
		{A73FAA56-A71E-40B5-BCE8-78AEFE4F69F2}.Release|Any CPU.ActiveCfg = Release|Any CPU
		{A73FAA56-A71E-40B5-BCE8-78AEFE4F69F2}.Release|Any CPU.Build.0 = Release|Any CPU
		{B0B579A1-15C7-4876-9EF5-51529AC4AD13}.Debug|Any CPU.ActiveCfg = Debug|Any CPU
		{B0B579A1-15C7-4876-9EF5-51529AC4AD13}.Debug|Any CPU.Build.0 = Debug|Any CPU
		{B0B579A1-15C7-4876-9EF5-51529AC4AD13}.Release|Any CPU.ActiveCfg = Release|Any CPU
		{B0B579A1-15C7-4876-9EF5-51529AC4AD13}.Release|Any CPU.Build.0 = Release|Any CPU
	EndGlobalSection
	GlobalSection(SolutionProperties) = preSolution
		HideSolutionNode = FALSE
	EndGlobalSection
	GlobalSection(ExtensibilityGlobals) = postSolution
		SolutionGuid = {FDADCE29-74C1-49A4-84BA-4A02B1517279}
	EndGlobalSection
EndGlobal
