
Microsoft Visual Studio Solution File, Format Version 12.00
# Visual Studio Version 17
VisualStudioVersion = 17.5.33516.290
MinimumVisualStudioVersion = 10.0.40219.1
Project("{9A19103F-16F7-4668-BE54-9A1E7A4F7556}") = "01.ValidUsernames", "01.ValidUsernames\01.ValidUsernames.csproj", "{18A9A92C-86D7-4C3A-8A33-12AA8C787FAD}"
EndProject
Project("{9A19103F-16F7-4668-BE54-9A1E7A4F7556}") = "04.CaeserCipher", "04.CaeserCipher\04.CaeserCipher.csproj", "{BA351134-77FF-4644-94D6-2E45513BC3B4}"
EndProject
Project("{9A19103F-16F7-4668-BE54-9A1E7A4F7556}") = "05.MultiplyBigNumber", "05.MultiplyBigNumber\05.MultiplyBigNumber.csproj", "{6025AF81-CED6-43E2-B164-1294AE80F72F}"
EndProject
Project("{9A19103F-16F7-4668-BE54-9A1E7A4F7556}") = "06.ReplaceRepeatingChars", "06.ReplaceRepeatingChars\06.ReplaceRepeatingChars.csproj", "{7F597791-483C-42D2-9CA1-4C6C88E877E8}"
EndProject
Project("{9A19103F-16F7-4668-BE54-9A1E7A4F7556}") = "07.StringExplosion", "07.StringExplosion\07.StringExplosion.csproj", "{851B6660-3C9B-4AE3-9CD5-3A77B6415775}"
EndProject
Project("{9A19103F-16F7-4668-BE54-9A1E7A4F7556}") = "08.LettersChangeNumbers", "08.LettersChangeNumbers\08.LettersChangeNumbers.csproj", "{4134715E-B039-4E4C-94E6-27FE5AA95AE7}"
EndProject
Project("{9A19103F-16F7-4668-BE54-9A1E7A4F7556}") = "02.CharacterMultiplier", "02.CharacterMultiplier\02.CharacterMultiplier.csproj", "{09065ABA-9EA0-4DEB-B57D-FD0A6AF61871}"
EndProject
Project("{FAE04EC0-301F-11D3-BF4B-00C04F79EFBC}") = "03.ExtractFile", "03.ExtractFile\03.ExtractFile.csproj", "{CC53F218-B68E-4DCD-9038-522CC87C64B2}"
EndProject
Global
	GlobalSection(SolutionConfigurationPlatforms) = preSolution
		Debug|Any CPU = Debug|Any CPU
		Release|Any CPU = Release|Any CPU
	EndGlobalSection
	GlobalSection(ProjectConfigurationPlatforms) = postSolution
		{18A9A92C-86D7-4C3A-8A33-12AA8C787FAD}.Debug|Any CPU.ActiveCfg = Debug|Any CPU
		{18A9A92C-86D7-4C3A-8A33-12AA8C787FAD}.Debug|Any CPU.Build.0 = Debug|Any CPU
		{18A9A92C-86D7-4C3A-8A33-12AA8C787FAD}.Release|Any CPU.ActiveCfg = Release|Any CPU
		{18A9A92C-86D7-4C3A-8A33-12AA8C787FAD}.Release|Any CPU.Build.0 = Release|Any CPU
		{BA351134-77FF-4644-94D6-2E45513BC3B4}.Debug|Any CPU.ActiveCfg = Debug|Any CPU
		{BA351134-77FF-4644-94D6-2E45513BC3B4}.Debug|Any CPU.Build.0 = Debug|Any CPU
		{BA351134-77FF-4644-94D6-2E45513BC3B4}.Release|Any CPU.ActiveCfg = Release|Any CPU
		{BA351134-77FF-4644-94D6-2E45513BC3B4}.Release|Any CPU.Build.0 = Release|Any CPU
		{6025AF81-CED6-43E2-B164-1294AE80F72F}.Debug|Any CPU.ActiveCfg = Debug|Any CPU
		{6025AF81-CED6-43E2-B164-1294AE80F72F}.Debug|Any CPU.Build.0 = Debug|Any CPU
		{6025AF81-CED6-43E2-B164-1294AE80F72F}.Release|Any CPU.ActiveCfg = Release|Any CPU
		{6025AF81-CED6-43E2-B164-1294AE80F72F}.Release|Any CPU.Build.0 = Release|Any CPU
		{7F597791-483C-42D2-9CA1-4C6C88E877E8}.Debug|Any CPU.ActiveCfg = Debug|Any CPU
		{7F597791-483C-42D2-9CA1-4C6C88E877E8}.Debug|Any CPU.Build.0 = Debug|Any CPU
		{7F597791-483C-42D2-9CA1-4C6C88E877E8}.Release|Any CPU.ActiveCfg = Release|Any CPU
		{7F597791-483C-42D2-9CA1-4C6C88E877E8}.Release|Any CPU.Build.0 = Release|Any CPU
		{851B6660-3C9B-4AE3-9CD5-3A77B6415775}.Debug|Any CPU.ActiveCfg = Debug|Any CPU
		{851B6660-3C9B-4AE3-9CD5-3A77B6415775}.Debug|Any CPU.Build.0 = Debug|Any CPU
		{851B6660-3C9B-4AE3-9CD5-3A77B6415775}.Release|Any CPU.ActiveCfg = Release|Any CPU
		{851B6660-3C9B-4AE3-9CD5-3A77B6415775}.Release|Any CPU.Build.0 = Release|Any CPU
		{4134715E-B039-4E4C-94E6-27FE5AA95AE7}.Debug|Any CPU.ActiveCfg = Debug|Any CPU
		{4134715E-B039-4E4C-94E6-27FE5AA95AE7}.Debug|Any CPU.Build.0 = Debug|Any CPU
		{4134715E-B039-4E4C-94E6-27FE5AA95AE7}.Release|Any CPU.ActiveCfg = Release|Any CPU
		{4134715E-B039-4E4C-94E6-27FE5AA95AE7}.Release|Any CPU.Build.0 = Release|Any CPU
		{09065ABA-9EA0-4DEB-B57D-FD0A6AF61871}.Debug|Any CPU.ActiveCfg = Debug|Any CPU
		{09065ABA-9EA0-4DEB-B57D-FD0A6AF61871}.Debug|Any CPU.Build.0 = Debug|Any CPU
		{09065ABA-9EA0-4DEB-B57D-FD0A6AF61871}.Release|Any CPU.ActiveCfg = Release|Any CPU
		{09065ABA-9EA0-4DEB-B57D-FD0A6AF61871}.Release|Any CPU.Build.0 = Release|Any CPU
		{CC53F218-B68E-4DCD-9038-522CC87C64B2}.Debug|Any CPU.ActiveCfg = Debug|Any CPU
		{CC53F218-B68E-4DCD-9038-522CC87C64B2}.Debug|Any CPU.Build.0 = Debug|Any CPU
		{CC53F218-B68E-4DCD-9038-522CC87C64B2}.Release|Any CPU.ActiveCfg = Release|Any CPU
		{CC53F218-B68E-4DCD-9038-522CC87C64B2}.Release|Any CPU.Build.0 = Release|Any CPU
	EndGlobalSection
	GlobalSection(SolutionProperties) = preSolution
		HideSolutionNode = FALSE
	EndGlobalSection
	GlobalSection(ExtensibilityGlobals) = postSolution
		SolutionGuid = {CC16537D-50E3-4780-B3AB-7AB5787997C6}
	EndGlobalSection
EndGlobal
