
Microsoft Visual Studio Solution File, Format Version 12.00
# Visual Studio Version 17
VisualStudioVersion = 17.11.35312.102
MinimumVisualStudioVersion = 10.0.40219.1
Project("{9A19103F-16F7-4668-BE54-9A1E7A4F7556}") = "CinemaApp.Web", "CinemaApp.Web\CinemaApp.Web.csproj", "{1F5DC84E-1730-4DED-88BD-46326C4833D2}"
EndProject
Project("{9A19103F-16F7-4668-BE54-9A1E7A4F7556}") = "CinemaApp.Web.ViewModels", "CinemaApp.Web.ViewModels\CinemaApp.Web.ViewModels.csproj", "{01E705DD-6F2A-4558-80FC-4E39D3E6CE51}"
EndProject
Project("{9A19103F-16F7-4668-BE54-9A1E7A4F7556}") = "CinemaApp.Common", "CinemaApp.Common\CinemaApp.Common.csproj", "{82D985B9-3E3F-4F5D-BCEB-024ED113C339}"
EndProject
Project("{9A19103F-16F7-4668-BE54-9A1E7A4F7556}") = "CinemaApp.Data.Models", "CinemaApp.Data.Models\CinemaApp.Data.Models.csproj", "{AD221CF6-DD77-40B6-852E-5D8B86703282}"
EndProject
Project("{2150E333-8FDC-42A3-9474-1A3956D46DE8}") = "Web", "Web", "{77B1467D-962A-4A67-9734-515F4E2FA29C}"
EndProject
Project("{2150E333-8FDC-42A3-9474-1A3956D46DE8}") = "Data", "Data", "{484FBB42-BE22-4C9F-ADC2-0CB2703113D9}"
EndProject
Project("{9A19103F-16F7-4668-BE54-9A1E7A4F7556}") = "CinemaApp.Data", "CinemaApp.Data\CinemaApp.Data.csproj", "{408A229B-1668-471C-B9C3-8DC462F34A01}"
EndProject
Project("{FAE04EC0-301F-11D3-BF4B-00C04F79EFBC}") = "CinemaApp.Web.Infrastructure", "CinemaApp.Web.Infrastructure\CinemaApp.Web.Infrastructure.csproj", "{A31FB3B5-F1EC-4CFA-9306-D5BEC87A9AB9}"
EndProject
Global
	GlobalSection(SolutionConfigurationPlatforms) = preSolution
		Debug|Any CPU = Debug|Any CPU
		Release|Any CPU = Release|Any CPU
	EndGlobalSection
	GlobalSection(ProjectConfigurationPlatforms) = postSolution
		{1F5DC84E-1730-4DED-88BD-46326C4833D2}.Debug|Any CPU.ActiveCfg = Debug|Any CPU
		{1F5DC84E-1730-4DED-88BD-46326C4833D2}.Debug|Any CPU.Build.0 = Debug|Any CPU
		{1F5DC84E-1730-4DED-88BD-46326C4833D2}.Release|Any CPU.ActiveCfg = Release|Any CPU
		{1F5DC84E-1730-4DED-88BD-46326C4833D2}.Release|Any CPU.Build.0 = Release|Any CPU
		{01E705DD-6F2A-4558-80FC-4E39D3E6CE51}.Debug|Any CPU.ActiveCfg = Debug|Any CPU
		{01E705DD-6F2A-4558-80FC-4E39D3E6CE51}.Debug|Any CPU.Build.0 = Debug|Any CPU
		{01E705DD-6F2A-4558-80FC-4E39D3E6CE51}.Release|Any CPU.ActiveCfg = Release|Any CPU
		{01E705DD-6F2A-4558-80FC-4E39D3E6CE51}.Release|Any CPU.Build.0 = Release|Any CPU
		{82D985B9-3E3F-4F5D-BCEB-024ED113C339}.Debug|Any CPU.ActiveCfg = Debug|Any CPU
		{82D985B9-3E3F-4F5D-BCEB-024ED113C339}.Debug|Any CPU.Build.0 = Debug|Any CPU
		{82D985B9-3E3F-4F5D-BCEB-024ED113C339}.Release|Any CPU.ActiveCfg = Release|Any CPU
		{82D985B9-3E3F-4F5D-BCEB-024ED113C339}.Release|Any CPU.Build.0 = Release|Any CPU
		{AD221CF6-DD77-40B6-852E-5D8B86703282}.Debug|Any CPU.ActiveCfg = Debug|Any CPU
		{AD221CF6-DD77-40B6-852E-5D8B86703282}.Debug|Any CPU.Build.0 = Debug|Any CPU
		{AD221CF6-DD77-40B6-852E-5D8B86703282}.Release|Any CPU.ActiveCfg = Release|Any CPU
		{AD221CF6-DD77-40B6-852E-5D8B86703282}.Release|Any CPU.Build.0 = Release|Any CPU
		{408A229B-1668-471C-B9C3-8DC462F34A01}.Debug|Any CPU.ActiveCfg = Debug|Any CPU
		{408A229B-1668-471C-B9C3-8DC462F34A01}.Debug|Any CPU.Build.0 = Debug|Any CPU
		{408A229B-1668-471C-B9C3-8DC462F34A01}.Release|Any CPU.ActiveCfg = Release|Any CPU
		{408A229B-1668-471C-B9C3-8DC462F34A01}.Release|Any CPU.Build.0 = Release|Any CPU
		{A31FB3B5-F1EC-4CFA-9306-D5BEC87A9AB9}.Debug|Any CPU.ActiveCfg = Debug|Any CPU
		{A31FB3B5-F1EC-4CFA-9306-D5BEC87A9AB9}.Debug|Any CPU.Build.0 = Debug|Any CPU
		{A31FB3B5-F1EC-4CFA-9306-D5BEC87A9AB9}.Release|Any CPU.ActiveCfg = Release|Any CPU
		{A31FB3B5-F1EC-4CFA-9306-D5BEC87A9AB9}.Release|Any CPU.Build.0 = Release|Any CPU
	EndGlobalSection
	GlobalSection(SolutionProperties) = preSolution
		HideSolutionNode = FALSE
	EndGlobalSection
	GlobalSection(NestedProjects) = preSolution
		{1F5DC84E-1730-4DED-88BD-46326C4833D2} = {77B1467D-962A-4A67-9734-515F4E2FA29C}
		{01E705DD-6F2A-4558-80FC-4E39D3E6CE51} = {77B1467D-962A-4A67-9734-515F4E2FA29C}
		{AD221CF6-DD77-40B6-852E-5D8B86703282} = {484FBB42-BE22-4C9F-ADC2-0CB2703113D9}
		{408A229B-1668-471C-B9C3-8DC462F34A01} = {484FBB42-BE22-4C9F-ADC2-0CB2703113D9}
		{A31FB3B5-F1EC-4CFA-9306-D5BEC87A9AB9} = {77B1467D-962A-4A67-9734-515F4E2FA29C}
	EndGlobalSection
	GlobalSection(ExtensibilityGlobals) = postSolution
		SolutionGuid = {D8FCBD7B-D8A8-473E-9239-860ACBAE0C32}
	EndGlobalSection
EndGlobal
